
Microsoft Visual Studio Solution File, Format Version 12.00
# Visual Studio Version 16
VisualStudioVersion = 16.0.30204.135
MinimumVisualStudioVersion = 10.0.40219.1
Project("{FAE04EC0-301F-11D3-BF4B-00C04F79EFBC}") = "Solution.Web", "Solution.Web\Solution.Web.csproj", "{72646A6E-FDAB-4EF9-BA14-F73E0836DF95}"
EndProject
Global
	GlobalSection(SolutionConfigurationPlatforms) = preSolution
		Debug|Any CPU = Debug|Any CPU
		Release|Any CPU = Release|Any CPU
	EndGlobalSection
	GlobalSection(ProjectConfigurationPlatforms) = postSolution
		{72646A6E-FDAB-4EF9-BA14-F73E0836DF95}.Debug|Any CPU.ActiveCfg = Debug|Any CPU
		{72646A6E-FDAB-4EF9-BA14-F73E0836DF95}.Debug|Any CPU.Build.0 = Debug|Any CPU
		{72646A6E-FDAB-4EF9-BA14-F73E0836DF95}.Release|Any CPU.ActiveCfg = Release|Any CPU
		{72646A6E-FDAB-4EF9-BA14-F73E0836DF95}.Release|Any CPU.Build.0 = Release|Any CPU
	EndGlobalSection
	GlobalSection(SolutionProperties) = preSolution
		HideSolutionNode = FALSE
	EndGlobalSection
	GlobalSection(ExtensibilityGlobals) = postSolution
		SolutionGuid = {D9D41908-D64A-40FE-96D3-76D2BC221058}
	EndGlobalSection
EndGlobal
